{
  "nodes": {
    "nixpkgs": {
      "locked": {
        "lastModified": 1745788595,
        "narHash": "sha256-XTtT/LzX+mUqRsnuHtzygWfG9HXnOVBQC2vMfpT5AYc=",
        "owner": "NixOS",
        "repo": "nixpkgs",
        "rev": "66d3e172fa7bc69432a540ffd04825d0b358b04d",
        "type": "github"
      },
      "original": {
        "owner": "NixOS",
        "ref": "release-24.11",
        "repo": "nixpkgs",
        "type": "github"
      }
    },
    "root": {
      "inputs": {
        "nixpkgs": "nixpkgs"
      }
    }
  },
  "root": "root",
  "version": 7
}
